
Microsoft Visual Studio Solution File, Format Version 11.00
# Visual Studio 2010
Project("{FAE04EC0-301F-11D3-BF4B-00C04F79EFBC}") = "Assembly-CSharp", "Assembly-CSharp.csproj", "{22966b30-7464-190d-83d7-b08f35872b12}"
EndProject
Project("{FAE04EC0-301F-11D3-BF4B-00C04F79EFBC}") = "UnityEngine.TestRunner", "UnityEngine.TestRunner.csproj", "{b034a0c8-25f4-c65d-cd08-f38fc09bf345}"
EndProject
Project("{FAE04EC0-301F-11D3-BF4B-00C04F79EFBC}") = "UnityEngine.UI", "UnityEngine.UI.csproj", "{8ca0fbd6-c618-f6f9-c57d-ad8d54a7d363}"
EndProject
Project("{FAE04EC0-301F-11D3-BF4B-00C04F79EFBC}") = "Unity.VisualScripting.Flow", "Unity.VisualScripting.Flow.csproj", "{86cd150e-0ac5-3947-c411-20f647c48801}"
EndProject
Project("{FAE04EC0-301F-11D3-BF4B-00C04F79EFBC}") = "Unity.Mathematics", "Unity.Mathematics.csproj", "{049b4696-b318-3712-c411-450f6b274089}"
EndProject
Project("{FAE04EC0-301F-11D3-BF4B-00C04F79EFBC}") = "Unity.Services.Core.Telemetry", "Unity.Services.Core.Telemetry.csproj", "{d2a3302c-5ae2-b146-5a34-2757dd962406}"
EndProject
Project("{FAE04EC0-301F-11D3-BF4B-00C04F79EFBC}") = "Unity.VisualScripting.State", "Unity.VisualScripting.State.csproj", "{fc9af903-631c-16a8-9567-291afa237720}"
EndProject
Project("{FAE04EC0-301F-11D3-BF4B-00C04F79EFBC}") = "Unity.VisualScripting.Core", "Unity.VisualScripting.Core.csproj", "{687a2a99-71c9-dcdc-135f-aeb6767bc491}"
EndProject
Project("{FAE04EC0-301F-11D3-BF4B-00C04F79EFBC}") = "Unity.Services.Core.Environments.Internal", "Unity.Services.Core.Environments.Internal.csproj", "{725df618-bcc9-16ee-97ad-365baf92efd0}"
EndProject
Project("{FAE04EC0-301F-11D3-BF4B-00C04F79EFBC}") = "Unity.Burst", "Unity.Burst.csproj", "{d3a2e83e-88d4-74db-630e-08d6e74c3351}"
EndProject
Project("{FAE04EC0-301F-11D3-BF4B-00C04F79EFBC}") = "Unity.2D.Animation.Runtime", "Unity.2D.Animation.Runtime.csproj", "{4070ce04-e9c1-cffa-dced-8a70cfae801b}"
EndProject
Project("{FAE04EC0-301F-11D3-BF4B-00C04F79EFBC}") = "Unity.TextMeshPro", "Unity.TextMeshPro.csproj", "{59ca597f-ad0f-67a5-057f-20abc609794a}"
EndProject
Project("{FAE04EC0-301F-11D3-BF4B-00C04F79EFBC}") = "Unity.Addressables", "Unity.Addressables.csproj", "{8eb0c51a-23f9-46c6-e223-fec0b42c0509}"
EndProject
Project("{FAE04EC0-301F-11D3-BF4B-00C04F79EFBC}") = "Unity.ResourceManager", "Unity.ResourceManager.csproj", "{2b1d4585-fda7-bad6-6789-104d1f94d9d5}"
EndProject
Project("{FAE04EC0-301F-11D3-BF4B-00C04F79EFBC}") = "Unity.Timeline", "Unity.Timeline.csproj", "{50a37f0a-5c0c-7377-872e-4789d693e49c}"
EndProject
Project("{FAE04EC0-301F-11D3-BF4B-00C04F79EFBC}") = "Unity.Services.Core", "Unity.Services.Core.csproj", "{c559a57b-d589-08fc-cb1c-1f970712a572}"
EndProject
Project("{FAE04EC0-301F-11D3-BF4B-00C04F79EFBC}") = "Unity.Services.Core.Environments", "Unity.Services.Core.Environments.csproj", "{d5c145ba-8895-fb7e-cf21-b07d467df734}"
EndProject
Project("{FAE04EC0-301F-11D3-BF4B-00C04F79EFBC}") = "Unity.Services.Core.Internal", "Unity.Services.Core.Internal.csproj", "{f4eb0c45-da75-f274-3c2c-7ef05332ab88}"
EndProject
Project("{FAE04EC0-301F-11D3-BF4B-00C04F79EFBC}") = "Unity.Services.Core.Analytics", "Unity.Services.Core.Analytics.csproj", "{8a4ffcc6-2882-a441-7c1d-c76e109d89ff}"
EndProject
Project("{FAE04EC0-301F-11D3-BF4B-00C04F79EFBC}") = "Unity.2D.SpriteShape.Runtime", "Unity.2D.SpriteShape.Runtime.csproj", "{4c591b79-376f-001f-f5b4-27a90208bc9c}"
EndProject
Project("{FAE04EC0-301F-11D3-BF4B-00C04F79EFBC}") = "Unity.ScriptableBuildPipeline", "Unity.ScriptableBuildPipeline.csproj", "{65d4c338-2877-eb27-4046-463d068379f1}"
EndProject
Project("{FAE04EC0-301F-11D3-BF4B-00C04F79EFBC}") = "Unity.Services.Core.Scheduler", "Unity.Services.Core.Scheduler.csproj", "{9670a6e7-e6f6-248c-920b-deb48e2043f4}"
EndProject
Project("{FAE04EC0-301F-11D3-BF4B-00C04F79EFBC}") = "Unity.Services.Core.Registration", "Unity.Services.Core.Registration.csproj", "{755b2793-dae2-63ce-d155-088900cce855}"
EndProject
Project("{FAE04EC0-301F-11D3-BF4B-00C04F79EFBC}") = "Unity.2D.PixelPerfect", "Unity.2D.PixelPerfect.csproj", "{b523a1cc-b3ca-5441-9e0f-a373242b64fc}"
EndProject
Project("{FAE04EC0-301F-11D3-BF4B-00C04F79EFBC}") = "Unity.2D.Common.Runtime", "Unity.2D.Common.Runtime.csproj", "{c0b23a17-4227-2167-da7c-60dff262ef0f}"
EndProject
Project("{FAE04EC0-301F-11D3-BF4B-00C04F79EFBC}") = "Unity.2D.IK.Runtime", "Unity.2D.IK.Runtime.csproj", "{2f543ba9-372f-fb5f-0444-0178359a1daf}"
EndProject
Project("{FAE04EC0-301F-11D3-BF4B-00C04F79EFBC}") = "Unity.Services.Core.Device", "Unity.Services.Core.Device.csproj", "{df4f4799-5bd2-be06-1bd2-03bec6da5cde}"
EndProject
Project("{FAE04EC0-301F-11D3-BF4B-00C04F79EFBC}") = "Unity.Services.Core.Threading", "Unity.Services.Core.Threading.csproj", "{e2078732-2516-c87d-c535-de36e72c68a3}"
EndProject
Project("{FAE04EC0-301F-11D3-BF4B-00C04F79EFBC}") = "Unity.2D.Tilemap.Extras", "Unity.2D.Tilemap.Extras.csproj", "{324ef732-5847-5abc-8a7c-e4c872a3b5df}"
EndProject
Project("{FAE04EC0-301F-11D3-BF4B-00C04F79EFBC}") = "Unity.Services.Core.Networking", "Unity.Services.Core.Networking.csproj", "{748db7de-502a-f6e8-bf34-6e260e42e419}"
EndProject
Project("{FAE04EC0-301F-11D3-BF4B-00C04F79EFBC}") = "Unity.InternalAPIEngineBridge.001", "Unity.InternalAPIEngineBridge.001.csproj", "{bb5e69f4-278c-6693-f852-282fa0beeda6}"
EndProject
Project("{FAE04EC0-301F-11D3-BF4B-00C04F79EFBC}") = "Unity.Services.Core.Configuration", "Unity.Services.Core.Configuration.csproj", "{72bdf24c-d833-5da8-ff6b-957ed317ac73}"
EndProject
Project("{FAE04EC0-301F-11D3-BF4B-00C04F79EFBC}") = "Unity.PlasticSCM.Editor", "Unity.PlasticSCM.Editor.csproj", "{7460fe47-bf11-4dd2-bad5-905c39d4e182}"
EndProject
Project("{FAE04EC0-301F-11D3-BF4B-00C04F79EFBC}") = "Unity.VisualScripting.Core.Editor", "Unity.VisualScripting.Core.Editor.csproj", "{12df80ec-3a59-ced0-b60d-32fea9f6cab9}"
EndProject
Project("{FAE04EC0-301F-11D3-BF4B-00C04F79EFBC}") = "Unity.VisualScripting.Flow.Editor", "Unity.VisualScripting.Flow.Editor.csproj", "{0a1b20a2-0681-699e-29a6-1b5fb7d00b1f}"
EndProject
Project("{FAE04EC0-301F-11D3-BF4B-00C04F79EFBC}") = "Unity.Addressables.Editor", "Unity.Addressables.Editor.csproj", "{aaee5419-9acf-677d-07a4-662fc58ebb95}"
EndProject
Project("{FAE04EC0-301F-11D3-BF4B-00C04F79EFBC}") = "Unity.VisualStudio.Editor", "Unity.VisualStudio.Editor.csproj", "{5b1e9e72-dd24-0c0e-9219-4cc312a0b380}"
EndProject
Project("{FAE04EC0-301F-11D3-BF4B-00C04F79EFBC}") = "Unity.Timeline.Editor", "Unity.Timeline.Editor.csproj", "{850fb9a3-88f1-352c-d4fb-612a4fe86d1d}"
EndProject
Project("{FAE04EC0-301F-11D3-BF4B-00C04F79EFBC}") = "Unity.VisualScripting.State.Editor", "Unity.VisualScripting.State.Editor.csproj", "{2b09aa49-be9e-bc5f-2c29-5da55075379d}"
EndProject
Project("{FAE04EC0-301F-11D3-BF4B-00C04F79EFBC}") = "Unity.TextMeshPro.Editor", "Unity.TextMeshPro.Editor.csproj", "{0a857b2d-82de-10b9-d209-a96896cf7a25}"
EndProject
Project("{FAE04EC0-301F-11D3-BF4B-00C04F79EFBC}") = "Unity.2D.Animation.Editor", "Unity.2D.Animation.Editor.csproj", "{c2309330-6405-ac5c-1ac0-9bf93bf7df21}"
EndProject
Project("{FAE04EC0-301F-11D3-BF4B-00C04F79EFBC}") = "Unity.VisualScripting.SettingsProvider.Editor", "Unity.VisualScripting.SettingsProvider.Editor.csproj", "{2b8ee272-8558-3bdd-acc3-7c43cb7977d5}"
EndProject
Project("{FAE04EC0-301F-11D3-BF4B-00C04F79EFBC}") = "Unity.CollabProxy.Editor", "Unity.CollabProxy.Editor.csproj", "{4409cf07-1d9f-048d-8673-1096c6c11235}"
EndProject
Project("{FAE04EC0-301F-11D3-BF4B-00C04F79EFBC}") = "UnityEditor.TestRunner", "UnityEditor.TestRunner.csproj", "{23883d90-a8ed-195b-e60a-d1998014f9d3}"
EndProject
Project("{FAE04EC0-301F-11D3-BF4B-00C04F79EFBC}") = "Unity.2D.Tilemap.Editor", "Unity.2D.Tilemap.Editor.csproj", "{1fe02448-882d-a53d-5b75-2d4da740de99}"
EndProject
Project("{FAE04EC0-301F-11D3-BF4B-00C04F79EFBC}") = "Unity.Services.Core.Editor", "Unity.Services.Core.Editor.csproj", "{8133571d-bb96-0561-fbb0-277133e59b75}"
EndProject
Project("{FAE04EC0-301F-11D3-BF4B-00C04F79EFBC}") = "Unity.Rider.Editor", "Unity.Rider.Editor.csproj", "{099cbb32-d0a6-2b99-7be5-18f77a855c5e}"
EndProject
Project("{FAE04EC0-301F-11D3-BF4B-00C04F79EFBC}") = "Unity.ScriptableBuildPipeline.Editor", "Unity.ScriptableBuildPipeline.Editor.csproj", "{d06f0e04-e338-6598-0ccc-ee70bbfabbe6}"
EndProject
Project("{FAE04EC0-301F-11D3-BF4B-00C04F79EFBC}") = "Unity.2D.Path.Editor", "Unity.2D.Path.Editor.csproj", "{137d7ae1-ce9f-cf6b-3141-40ed9bf5544b}"
EndProject
Project("{FAE04EC0-301F-11D3-BF4B-00C04F79EFBC}") = "PsdPlugin", "PsdPlugin.csproj", "{f3d897a0-46b0-d554-b3ee-b6e3fd832f82}"
EndProject
Project("{FAE04EC0-301F-11D3-BF4B-00C04F79EFBC}") = "Assembly-CSharp-Editor", "Assembly-CSharp-Editor.csproj", "{628adcb4-378a-512e-199d-e11c6511ad91}"
EndProject
Project("{FAE04EC0-301F-11D3-BF4B-00C04F79EFBC}") = "Unity.2D.IK.Editor", "Unity.2D.IK.Editor.csproj", "{1f974e0e-eee5-667c-b671-8edc907c7a85}"
EndProject
Project("{FAE04EC0-301F-11D3-BF4B-00C04F79EFBC}") = "Unity.2D.Psdimporter.Editor", "Unity.2D.Psdimporter.Editor.csproj", "{1aa1f5ef-9e32-c1ed-8931-2f18443dd578}"
EndProject
Project("{FAE04EC0-301F-11D3-BF4B-00C04F79EFBC}") = "Unity.2D.SpriteShape.Editor", "Unity.2D.SpriteShape.Editor.csproj", "{018593b9-d373-e2d5-160b-53460e98339a}"
EndProject
Project("{FAE04EC0-301F-11D3-BF4B-00C04F79EFBC}") = "Unity.Burst.CodeGen", "Unity.Burst.CodeGen.csproj", "{5f8abd10-0b69-864c-d296-0e80b06c34e5}"
EndProject
Project("{FAE04EC0-301F-11D3-BF4B-00C04F79EFBC}") = "Unity.2D.PixelPerfect.Editor", "Unity.2D.PixelPerfect.Editor.csproj", "{29a2be51-08e7-5a05-3d8f-01aec4a1beed}"
EndProject
Project("{FAE04EC0-301F-11D3-BF4B-00C04F79EFBC}") = "Unity.VSCode.Editor", "Unity.VSCode.Editor.csproj", "{3c3165b7-b9b4-8536-75e9-464d3f3e7a50}"
EndProject
Project("{FAE04EC0-301F-11D3-BF4B-00C04F79EFBC}") = "Unity.2D.Sprite.Editor", "Unity.2D.Sprite.Editor.csproj", "{537ac1ba-38a3-2623-1ea4-8daf5a79e8f9}"
EndProject
Project("{FAE04EC0-301F-11D3-BF4B-00C04F79EFBC}") = "UnityEditor.UI", "UnityEditor.UI.csproj", "{15d1971f-1c6a-062b-bd96-69e799ee0a92}"
EndProject
Project("{FAE04EC0-301F-11D3-BF4B-00C04F79EFBC}") = "Unity.2D.Common.Editor", "Unity.2D.Common.Editor.csproj", "{e791d3d9-d8a5-28cb-7149-b9cc490b5408}"
EndProject
Project("{FAE04EC0-301F-11D3-BF4B-00C04F79EFBC}") = "Unity.Mathematics.Editor", "Unity.Mathematics.Editor.csproj", "{5391273e-57fe-d64f-ce09-ed1018719cbb}"
EndProject
Project("{FAE04EC0-301F-11D3-BF4B-00C04F79EFBC}") = "Unity.Services.Core.Configuration.Editor", "Unity.Services.Core.Configuration.Editor.csproj", "{d45cf006-9566-f1e7-fb0e-afb49a1c5d45}"
EndProject
Project("{FAE04EC0-301F-11D3-BF4B-00C04F79EFBC}") = "UnityEditor.CacheServer", "UnityEditor.CacheServer.csproj", "{7969eece-fd94-8a57-ddcb-ba3dae3ed45c}"
EndProject
Project("{FAE04EC0-301F-11D3-BF4B-00C04F79EFBC}") = "Unity.2D.Tilemap.Extras.Editor", "Unity.2D.Tilemap.Extras.Editor.csproj", "{83a56c53-9db2-be5c-5be5-918e266b1562}"
EndProject
Project("{FAE04EC0-301F-11D3-BF4B-00C04F79EFBC}") = "Unity.Burst.Editor", "Unity.Burst.Editor.csproj", "{a5d799c5-2d71-9d4c-048e-5d3b7c9d68d1}"
EndProject
Project("{FAE04EC0-301F-11D3-BF4B-00C04F79EFBC}") = "Unity.InternalAPIEditorBridge.001", "Unity.InternalAPIEditorBridge.001.csproj", "{0b68d691-85ee-428a-1fce-dbf04cb8a022}"
EndProject
Project("{FAE04EC0-301F-11D3-BF4B-00C04F79EFBC}") = "Unity.VisualScripting.Shared.Editor", "Unity.VisualScripting.Shared.Editor.csproj", "{c8937182-c0dc-b506-56d9-736d449e7720}"
EndProject
Global
	GlobalSection(SolutionConfigurationPlatforms) = preSolution
		Debug|Any CPU = Debug|Any CPU
	EndGlobalSection
	GlobalSection(ProjectConfigurationPlatforms) = postSolution
		{22966b30-7464-190d-83d7-b08f35872b12}.Debug|Any CPU.ActiveCfg = Debug|Any CPU
		{22966b30-7464-190d-83d7-b08f35872b12}.Debug|Any CPU.Build.0 = Debug|Any CPU
		{b034a0c8-25f4-c65d-cd08-f38fc09bf345}.Debug|Any CPU.ActiveCfg = Debug|Any CPU
		{b034a0c8-25f4-c65d-cd08-f38fc09bf345}.Debug|Any CPU.Build.0 = Debug|Any CPU
		{8ca0fbd6-c618-f6f9-c57d-ad8d54a7d363}.Debug|Any CPU.ActiveCfg = Debug|Any CPU
		{8ca0fbd6-c618-f6f9-c57d-ad8d54a7d363}.Debug|Any CPU.Build.0 = Debug|Any CPU
		{86cd150e-0ac5-3947-c411-20f647c48801}.Debug|Any CPU.ActiveCfg = Debug|Any CPU
		{86cd150e-0ac5-3947-c411-20f647c48801}.Debug|Any CPU.Build.0 = Debug|Any CPU
		{049b4696-b318-3712-c411-450f6b274089}.Debug|Any CPU.ActiveCfg = Debug|Any CPU
		{049b4696-b318-3712-c411-450f6b274089}.Debug|Any CPU.Build.0 = Debug|Any CPU
		{d2a3302c-5ae2-b146-5a34-2757dd962406}.Debug|Any CPU.ActiveCfg = Debug|Any CPU
		{d2a3302c-5ae2-b146-5a34-2757dd962406}.Debug|Any CPU.Build.0 = Debug|Any CPU
		{fc9af903-631c-16a8-9567-291afa237720}.Debug|Any CPU.ActiveCfg = Debug|Any CPU
		{fc9af903-631c-16a8-9567-291afa237720}.Debug|Any CPU.Build.0 = Debug|Any CPU
		{687a2a99-71c9-dcdc-135f-aeb6767bc491}.Debug|Any CPU.ActiveCfg = Debug|Any CPU
		{687a2a99-71c9-dcdc-135f-aeb6767bc491}.Debug|Any CPU.Build.0 = Debug|Any CPU
		{725df618-bcc9-16ee-97ad-365baf92efd0}.Debug|Any CPU.ActiveCfg = Debug|Any CPU
		{725df618-bcc9-16ee-97ad-365baf92efd0}.Debug|Any CPU.Build.0 = Debug|Any CPU
		{d3a2e83e-88d4-74db-630e-08d6e74c3351}.Debug|Any CPU.ActiveCfg = Debug|Any CPU
		{d3a2e83e-88d4-74db-630e-08d6e74c3351}.Debug|Any CPU.Build.0 = Debug|Any CPU
		{4070ce04-e9c1-cffa-dced-8a70cfae801b}.Debug|Any CPU.ActiveCfg = Debug|Any CPU
		{4070ce04-e9c1-cffa-dced-8a70cfae801b}.Debug|Any CPU.Build.0 = Debug|Any CPU
		{59ca597f-ad0f-67a5-057f-20abc609794a}.Debug|Any CPU.ActiveCfg = Debug|Any CPU
		{59ca597f-ad0f-67a5-057f-20abc609794a}.Debug|Any CPU.Build.0 = Debug|Any CPU
		{8eb0c51a-23f9-46c6-e223-fec0b42c0509}.Debug|Any CPU.ActiveCfg = Debug|Any CPU
		{8eb0c51a-23f9-46c6-e223-fec0b42c0509}.Debug|Any CPU.Build.0 = Debug|Any CPU
		{2b1d4585-fda7-bad6-6789-104d1f94d9d5}.Debug|Any CPU.ActiveCfg = Debug|Any CPU
		{2b1d4585-fda7-bad6-6789-104d1f94d9d5}.Debug|Any CPU.Build.0 = Debug|Any CPU
		{50a37f0a-5c0c-7377-872e-4789d693e49c}.Debug|Any CPU.ActiveCfg = Debug|Any CPU
		{50a37f0a-5c0c-7377-872e-4789d693e49c}.Debug|Any CPU.Build.0 = Debug|Any CPU
		{c559a57b-d589-08fc-cb1c-1f970712a572}.Debug|Any CPU.ActiveCfg = Debug|Any CPU
		{c559a57b-d589-08fc-cb1c-1f970712a572}.Debug|Any CPU.Build.0 = Debug|Any CPU
		{d5c145ba-8895-fb7e-cf21-b07d467df734}.Debug|Any CPU.ActiveCfg = Debug|Any CPU
		{d5c145ba-8895-fb7e-cf21-b07d467df734}.Debug|Any CPU.Build.0 = Debug|Any CPU
		{f4eb0c45-da75-f274-3c2c-7ef05332ab88}.Debug|Any CPU.ActiveCfg = Debug|Any CPU
		{f4eb0c45-da75-f274-3c2c-7ef05332ab88}.Debug|Any CPU.Build.0 = Debug|Any CPU
		{8a4ffcc6-2882-a441-7c1d-c76e109d89ff}.Debug|Any CPU.ActiveCfg = Debug|Any CPU
		{8a4ffcc6-2882-a441-7c1d-c76e109d89ff}.Debug|Any CPU.Build.0 = Debug|Any CPU
		{4c591b79-376f-001f-f5b4-27a90208bc9c}.Debug|Any CPU.ActiveCfg = Debug|Any CPU
		{4c591b79-376f-001f-f5b4-27a90208bc9c}.Debug|Any CPU.Build.0 = Debug|Any CPU
		{65d4c338-2877-eb27-4046-463d068379f1}.Debug|Any CPU.ActiveCfg = Debug|Any CPU
		{65d4c338-2877-eb27-4046-463d068379f1}.Debug|Any CPU.Build.0 = Debug|Any CPU
		{9670a6e7-e6f6-248c-920b-deb48e2043f4}.Debug|Any CPU.ActiveCfg = Debug|Any CPU
		{9670a6e7-e6f6-248c-920b-deb48e2043f4}.Debug|Any CPU.Build.0 = Debug|Any CPU
		{755b2793-dae2-63ce-d155-088900cce855}.Debug|Any CPU.ActiveCfg = Debug|Any CPU
		{755b2793-dae2-63ce-d155-088900cce855}.Debug|Any CPU.Build.0 = Debug|Any CPU
		{b523a1cc-b3ca-5441-9e0f-a373242b64fc}.Debug|Any CPU.ActiveCfg = Debug|Any CPU
		{b523a1cc-b3ca-5441-9e0f-a373242b64fc}.Debug|Any CPU.Build.0 = Debug|Any CPU
		{c0b23a17-4227-2167-da7c-60dff262ef0f}.Debug|Any CPU.ActiveCfg = Debug|Any CPU
		{c0b23a17-4227-2167-da7c-60dff262ef0f}.Debug|Any CPU.Build.0 = Debug|Any CPU
		{2f543ba9-372f-fb5f-0444-0178359a1daf}.Debug|Any CPU.ActiveCfg = Debug|Any CPU
		{2f543ba9-372f-fb5f-0444-0178359a1daf}.Debug|Any CPU.Build.0 = Debug|Any CPU
		{df4f4799-5bd2-be06-1bd2-03bec6da5cde}.Debug|Any CPU.ActiveCfg = Debug|Any CPU
		{df4f4799-5bd2-be06-1bd2-03bec6da5cde}.Debug|Any CPU.Build.0 = Debug|Any CPU
		{e2078732-2516-c87d-c535-de36e72c68a3}.Debug|Any CPU.ActiveCfg = Debug|Any CPU
		{e2078732-2516-c87d-c535-de36e72c68a3}.Debug|Any CPU.Build.0 = Debug|Any CPU
		{324ef732-5847-5abc-8a7c-e4c872a3b5df}.Debug|Any CPU.ActiveCfg = Debug|Any CPU
		{324ef732-5847-5abc-8a7c-e4c872a3b5df}.Debug|Any CPU.Build.0 = Debug|Any CPU
		{748db7de-502a-f6e8-bf34-6e260e42e419}.Debug|Any CPU.ActiveCfg = Debug|Any CPU
		{748db7de-502a-f6e8-bf34-6e260e42e419}.Debug|Any CPU.Build.0 = Debug|Any CPU
		{bb5e69f4-278c-6693-f852-282fa0beeda6}.Debug|Any CPU.ActiveCfg = Debug|Any CPU
		{bb5e69f4-278c-6693-f852-282fa0beeda6}.Debug|Any CPU.Build.0 = Debug|Any CPU
		{72bdf24c-d833-5da8-ff6b-957ed317ac73}.Debug|Any CPU.ActiveCfg = Debug|Any CPU
		{72bdf24c-d833-5da8-ff6b-957ed317ac73}.Debug|Any CPU.Build.0 = Debug|Any CPU
		{7460fe47-bf11-4dd2-bad5-905c39d4e182}.Debug|Any CPU.ActiveCfg = Debug|Any CPU
		{7460fe47-bf11-4dd2-bad5-905c39d4e182}.Debug|Any CPU.Build.0 = Debug|Any CPU
		{12df80ec-3a59-ced0-b60d-32fea9f6cab9}.Debug|Any CPU.ActiveCfg = Debug|Any CPU
		{12df80ec-3a59-ced0-b60d-32fea9f6cab9}.Debug|Any CPU.Build.0 = Debug|Any CPU
		{0a1b20a2-0681-699e-29a6-1b5fb7d00b1f}.Debug|Any CPU.ActiveCfg = Debug|Any CPU
		{0a1b20a2-0681-699e-29a6-1b5fb7d00b1f}.Debug|Any CPU.Build.0 = Debug|Any CPU
		{aaee5419-9acf-677d-07a4-662fc58ebb95}.Debug|Any CPU.ActiveCfg = Debug|Any CPU
		{aaee5419-9acf-677d-07a4-662fc58ebb95}.Debug|Any CPU.Build.0 = Debug|Any CPU
		{5b1e9e72-dd24-0c0e-9219-4cc312a0b380}.Debug|Any CPU.ActiveCfg = Debug|Any CPU
		{5b1e9e72-dd24-0c0e-9219-4cc312a0b380}.Debug|Any CPU.Build.0 = Debug|Any CPU
		{850fb9a3-88f1-352c-d4fb-612a4fe86d1d}.Debug|Any CPU.ActiveCfg = Debug|Any CPU
		{850fb9a3-88f1-352c-d4fb-612a4fe86d1d}.Debug|Any CPU.Build.0 = Debug|Any CPU
		{2b09aa49-be9e-bc5f-2c29-5da55075379d}.Debug|Any CPU.ActiveCfg = Debug|Any CPU
		{2b09aa49-be9e-bc5f-2c29-5da55075379d}.Debug|Any CPU.Build.0 = Debug|Any CPU
		{0a857b2d-82de-10b9-d209-a96896cf7a25}.Debug|Any CPU.ActiveCfg = Debug|Any CPU
		{0a857b2d-82de-10b9-d209-a96896cf7a25}.Debug|Any CPU.Build.0 = Debug|Any CPU
		{c2309330-6405-ac5c-1ac0-9bf93bf7df21}.Debug|Any CPU.ActiveCfg = Debug|Any CPU
		{c2309330-6405-ac5c-1ac0-9bf93bf7df21}.Debug|Any CPU.Build.0 = Debug|Any CPU
		{2b8ee272-8558-3bdd-acc3-7c43cb7977d5}.Debug|Any CPU.ActiveCfg = Debug|Any CPU
		{2b8ee272-8558-3bdd-acc3-7c43cb7977d5}.Debug|Any CPU.Build.0 = Debug|Any CPU
		{4409cf07-1d9f-048d-8673-1096c6c11235}.Debug|Any CPU.ActiveCfg = Debug|Any CPU
		{4409cf07-1d9f-048d-8673-1096c6c11235}.Debug|Any CPU.Build.0 = Debug|Any CPU
		{23883d90-a8ed-195b-e60a-d1998014f9d3}.Debug|Any CPU.ActiveCfg = Debug|Any CPU
		{23883d90-a8ed-195b-e60a-d1998014f9d3}.Debug|Any CPU.Build.0 = Debug|Any CPU
		{1fe02448-882d-a53d-5b75-2d4da740de99}.Debug|Any CPU.ActiveCfg = Debug|Any CPU
		{1fe02448-882d-a53d-5b75-2d4da740de99}.Debug|Any CPU.Build.0 = Debug|Any CPU
		{8133571d-bb96-0561-fbb0-277133e59b75}.Debug|Any CPU.ActiveCfg = Debug|Any CPU
		{8133571d-bb96-0561-fbb0-277133e59b75}.Debug|Any CPU.Build.0 = Debug|Any CPU
		{099cbb32-d0a6-2b99-7be5-18f77a855c5e}.Debug|Any CPU.ActiveCfg = Debug|Any CPU
		{099cbb32-d0a6-2b99-7be5-18f77a855c5e}.Debug|Any CPU.Build.0 = Debug|Any CPU
		{d06f0e04-e338-6598-0ccc-ee70bbfabbe6}.Debug|Any CPU.ActiveCfg = Debug|Any CPU
		{d06f0e04-e338-6598-0ccc-ee70bbfabbe6}.Debug|Any CPU.Build.0 = Debug|Any CPU
		{137d7ae1-ce9f-cf6b-3141-40ed9bf5544b}.Debug|Any CPU.ActiveCfg = Debug|Any CPU
		{137d7ae1-ce9f-cf6b-3141-40ed9bf5544b}.Debug|Any CPU.Build.0 = Debug|Any CPU
		{f3d897a0-46b0-d554-b3ee-b6e3fd832f82}.Debug|Any CPU.ActiveCfg = Debug|Any CPU
		{f3d897a0-46b0-d554-b3ee-b6e3fd832f82}.Debug|Any CPU.Build.0 = Debug|Any CPU
		{628adcb4-378a-512e-199d-e11c6511ad91}.Debug|Any CPU.ActiveCfg = Debug|Any CPU
		{628adcb4-378a-512e-199d-e11c6511ad91}.Debug|Any CPU.Build.0 = Debug|Any CPU
		{1f974e0e-eee5-667c-b671-8edc907c7a85}.Debug|Any CPU.ActiveCfg = Debug|Any CPU
		{1f974e0e-eee5-667c-b671-8edc907c7a85}.Debug|Any CPU.Build.0 = Debug|Any CPU
		{1aa1f5ef-9e32-c1ed-8931-2f18443dd578}.Debug|Any CPU.ActiveCfg = Debug|Any CPU
		{1aa1f5ef-9e32-c1ed-8931-2f18443dd578}.Debug|Any CPU.Build.0 = Debug|Any CPU
		{018593b9-d373-e2d5-160b-53460e98339a}.Debug|Any CPU.ActiveCfg = Debug|Any CPU
		{018593b9-d373-e2d5-160b-53460e98339a}.Debug|Any CPU.Build.0 = Debug|Any CPU
		{5f8abd10-0b69-864c-d296-0e80b06c34e5}.Debug|Any CPU.ActiveCfg = Debug|Any CPU
		{5f8abd10-0b69-864c-d296-0e80b06c34e5}.Debug|Any CPU.Build.0 = Debug|Any CPU
		{29a2be51-08e7-5a05-3d8f-01aec4a1beed}.Debug|Any CPU.ActiveCfg = Debug|Any CPU
		{29a2be51-08e7-5a05-3d8f-01aec4a1beed}.Debug|Any CPU.Build.0 = Debug|Any CPU
		{3c3165b7-b9b4-8536-75e9-464d3f3e7a50}.Debug|Any CPU.ActiveCfg = Debug|Any CPU
		{3c3165b7-b9b4-8536-75e9-464d3f3e7a50}.Debug|Any CPU.Build.0 = Debug|Any CPU
		{537ac1ba-38a3-2623-1ea4-8daf5a79e8f9}.Debug|Any CPU.ActiveCfg = Debug|Any CPU
		{537ac1ba-38a3-2623-1ea4-8daf5a79e8f9}.Debug|Any CPU.Build.0 = Debug|Any CPU
		{15d1971f-1c6a-062b-bd96-69e799ee0a92}.Debug|Any CPU.ActiveCfg = Debug|Any CPU
		{15d1971f-1c6a-062b-bd96-69e799ee0a92}.Debug|Any CPU.Build.0 = Debug|Any CPU
		{e791d3d9-d8a5-28cb-7149-b9cc490b5408}.Debug|Any CPU.ActiveCfg = Debug|Any CPU
		{e791d3d9-d8a5-28cb-7149-b9cc490b5408}.Debug|Any CPU.Build.0 = Debug|Any CPU
		{5391273e-57fe-d64f-ce09-ed1018719cbb}.Debug|Any CPU.ActiveCfg = Debug|Any CPU
		{5391273e-57fe-d64f-ce09-ed1018719cbb}.Debug|Any CPU.Build.0 = Debug|Any CPU
		{d45cf006-9566-f1e7-fb0e-afb49a1c5d45}.Debug|Any CPU.ActiveCfg = Debug|Any CPU
		{d45cf006-9566-f1e7-fb0e-afb49a1c5d45}.Debug|Any CPU.Build.0 = Debug|Any CPU
		{7969eece-fd94-8a57-ddcb-ba3dae3ed45c}.Debug|Any CPU.ActiveCfg = Debug|Any CPU
		{7969eece-fd94-8a57-ddcb-ba3dae3ed45c}.Debug|Any CPU.Build.0 = Debug|Any CPU
		{83a56c53-9db2-be5c-5be5-918e266b1562}.Debug|Any CPU.ActiveCfg = Debug|Any CPU
		{83a56c53-9db2-be5c-5be5-918e266b1562}.Debug|Any CPU.Build.0 = Debug|Any CPU
		{a5d799c5-2d71-9d4c-048e-5d3b7c9d68d1}.Debug|Any CPU.ActiveCfg = Debug|Any CPU
		{a5d799c5-2d71-9d4c-048e-5d3b7c9d68d1}.Debug|Any CPU.Build.0 = Debug|Any CPU
		{0b68d691-85ee-428a-1fce-dbf04cb8a022}.Debug|Any CPU.ActiveCfg = Debug|Any CPU
		{0b68d691-85ee-428a-1fce-dbf04cb8a022}.Debug|Any CPU.Build.0 = Debug|Any CPU
		{c8937182-c0dc-b506-56d9-736d449e7720}.Debug|Any CPU.ActiveCfg = Debug|Any CPU
		{c8937182-c0dc-b506-56d9-736d449e7720}.Debug|Any CPU.Build.0 = Debug|Any CPU
	EndGlobalSection
	GlobalSection(SolutionProperties) = preSolution
		HideSolutionNode = FALSE
	EndGlobalSection
EndGlobal
